
Microsoft Visual Studio Solution File, Format Version 12.00
# Visual Studio Version 17
VisualStudioVersion = 17.4.33205.214
MinimumVisualStudioVersion = 10.0.40219.1
Project("{9A19103F-16F7-4668-BE54-9A1E7A4F7556}") = "BlazorTutorial", "Tutorials\BlazorTutorial.csproj", "{D294F939-68D9-4148-A617-0B26D11AF3DF}"
EndProject
Project("{9A19103F-16F7-4668-BE54-9A1E7A4F7556}") = "ToDoApp", "ToDoApp\ToDoApp.csproj", "{60CCB1B2-C61B-4646-AB4B-F88611FC9432}"
EndProject
Project("{FAE04EC0-301F-11D3-BF4B-00C04F79EFBC}") = "Common", "Common\Common.csproj", "{153851AF-1BA5-4E7C-B867-2D4491ED5B63}"
EndProject
Project("{FAE04EC0-301F-11D3-BF4B-00C04F79EFBC}") = "ToDoMobile", "ToDoMobile\ToDoMobile.csproj", "{52A187EC-6A05-4AEC-B129-15ED2FED97FA}"
EndProject
Global
	GlobalSection(SolutionConfigurationPlatforms) = preSolution
		Debug|Any CPU = Debug|Any CPU
		Release|Any CPU = Release|Any CPU
	EndGlobalSection
	GlobalSection(ProjectConfigurationPlatforms) = postSolution
		{D294F939-68D9-4148-A617-0B26D11AF3DF}.Debug|Any CPU.ActiveCfg = Debug|Any CPU
		{D294F939-68D9-4148-A617-0B26D11AF3DF}.Debug|Any CPU.Build.0 = Debug|Any CPU
		{D294F939-68D9-4148-A617-0B26D11AF3DF}.Release|Any CPU.ActiveCfg = Release|Any CPU
		{D294F939-68D9-4148-A617-0B26D11AF3DF}.Release|Any CPU.Build.0 = Release|Any CPU
		{60CCB1B2-C61B-4646-AB4B-F88611FC9432}.Debug|Any CPU.ActiveCfg = Debug|Any CPU
		{60CCB1B2-C61B-4646-AB4B-F88611FC9432}.Debug|Any CPU.Build.0 = Debug|Any CPU
		{60CCB1B2-C61B-4646-AB4B-F88611FC9432}.Release|Any CPU.ActiveCfg = Release|Any CPU
		{60CCB1B2-C61B-4646-AB4B-F88611FC9432}.Release|Any CPU.Build.0 = Release|Any CPU
		{153851AF-1BA5-4E7C-B867-2D4491ED5B63}.Debug|Any CPU.ActiveCfg = Debug|Any CPU
		{153851AF-1BA5-4E7C-B867-2D4491ED5B63}.Debug|Any CPU.Build.0 = Debug|Any CPU
		{153851AF-1BA5-4E7C-B867-2D4491ED5B63}.Release|Any CPU.ActiveCfg = Release|Any CPU
		{153851AF-1BA5-4E7C-B867-2D4491ED5B63}.Release|Any CPU.Build.0 = Release|Any CPU
		{52A187EC-6A05-4AEC-B129-15ED2FED97FA}.Debug|Any CPU.ActiveCfg = Debug|Any CPU
		{52A187EC-6A05-4AEC-B129-15ED2FED97FA}.Debug|Any CPU.Build.0 = Debug|Any CPU
		{52A187EC-6A05-4AEC-B129-15ED2FED97FA}.Debug|Any CPU.Deploy.0 = Debug|Any CPU
		{52A187EC-6A05-4AEC-B129-15ED2FED97FA}.Release|Any CPU.ActiveCfg = Release|Any CPU
		{52A187EC-6A05-4AEC-B129-15ED2FED97FA}.Release|Any CPU.Build.0 = Release|Any CPU
		{52A187EC-6A05-4AEC-B129-15ED2FED97FA}.Release|Any CPU.Deploy.0 = Release|Any CPU
	EndGlobalSection
	GlobalSection(SolutionProperties) = preSolution
		HideSolutionNode = FALSE
	EndGlobalSection
	GlobalSection(ExtensibilityGlobals) = postSolution
		SolutionGuid = {CD9264F2-AC2E-47E0-BB00-B315D431F201}
	EndGlobalSection
EndGlobal
