
Microsoft Visual Studio Solution File, Format Version 12.00
# Visual Studio Version 17
VisualStudioVersion = 17.0.31903.59
MinimumVisualStudioVersion = 10.0.40219.1
Project("{9A19103F-16F7-4668-BE54-9A1E7A4F7556}") = "BlazorTutorial", "Tutorials\BlazorTutorial.csproj", "{0B94BB05-0880-42F0-A5A3-41DD0271BC09}"
EndProject
Global
	GlobalSection(SolutionConfigurationPlatforms) = preSolution
		Debug|Any CPU = Debug|Any CPU
		Release|Any CPU = Release|Any CPU
	EndGlobalSection
	GlobalSection(ProjectConfigurationPlatforms) = postSolution
		{0B94BB05-0880-42F0-A5A3-41DD0271BC09}.Debug|Any CPU.ActiveCfg = Debug|Any CPU
		{0B94BB05-0880-42F0-A5A3-41DD0271BC09}.Debug|Any CPU.Build.0 = Debug|Any CPU
		{0B94BB05-0880-42F0-A5A3-41DD0271BC09}.Release|Any CPU.ActiveCfg = Release|Any CPU
		{0B94BB05-0880-42F0-A5A3-41DD0271BC09}.Release|Any CPU.Build.0 = Release|Any CPU
	EndGlobalSection
	GlobalSection(SolutionProperties) = preSolution
		HideSolutionNode = FALSE
	EndGlobalSection
	GlobalSection(ExtensibilityGlobals) = postSolution
		SolutionGuid = {97428A63-42C8-4676-9777-903649F4194E}
	EndGlobalSection
EndGlobal
